// !$*UTF8*$!
{
	archiveVersion = 1;
	classes = {
	};
	objectVersion = 46;
	objects = {

/* Begin PBXBuildFile section */
		1A5C848C1D477868004018C3 /* AppDelegate.swift in Sources */ = {isa = PBXBuildFile; fileRef = 1A5C848B1D477868004018C3 /* AppDelegate.swift */; };
		1A5C84941D477868004018C3 /* QuizApp.xcdatamodeld in Sources */ = {isa = PBXBuildFile; fileRef = 1A5C84921D477868004018C3 /* QuizApp.xcdatamodeld */; };
		1A5C84961D477868004018C3 /* Assets.xcassets in Resources */ = {isa = PBXBuildFile; fileRef = 1A5C84951D477868004018C3 /* Assets.xcassets */; };
		1A5C84991D477868004018C3 /* LaunchScreen.storyboard in Resources */ = {isa = PBXBuildFile; fileRef = 1A5C84971D477868004018C3 /* LaunchScreen.storyboard */; };
		1A5C84A41D477868004018C3 /* QuizAppTests.swift in Sources */ = {isa = PBXBuildFile; fileRef = 1A5C84A31D477868004018C3 /* QuizAppTests.swift */; };
		1A5C84B01D477A89004018C3 /* QuizesTableViewController.swift in Sources */ = {isa = PBXBuildFile; fileRef = 1A5C84AF1D477A89004018C3 /* QuizesTableViewController.swift */; };
		1A5C84B21D477B12004018C3 /* QuizTableViewCell.swift in Sources */ = {isa = PBXBuildFile; fileRef = 1A5C84B11D477B12004018C3 /* QuizTableViewCell.swift */; };
		1A7125C71D48CDDE00AFCF24 /* UIImageView+Extensions.swift in Sources */ = {isa = PBXBuildFile; fileRef = 1A7125C61D48CDDE00AFCF24 /* UIImageView+Extensions.swift */; };
		1A7125CB1D48E52500AFCF24 /* Main.storyboard in Resources */ = {isa = PBXBuildFile; fileRef = 1A7125CA1D48E52500AFCF24 /* Main.storyboard */; };
		1A7125CD1D490B1600AFCF24 /* NSManagedObjectContext+Extensions.swift in Sources */ = {isa = PBXBuildFile; fileRef = 1A7125CC1D490B1600AFCF24 /* NSManagedObjectContext+Extensions.swift */; };
		1A7125CF1D490B3300AFCF24 /* NSManagedObject+Extensions.swift in Sources */ = {isa = PBXBuildFile; fileRef = 1A7125CE1D490B3300AFCF24 /* NSManagedObject+Extensions.swift */; };
		1A7125D11D490BD000AFCF24 /* KeyCodable.swift in Sources */ = {isa = PBXBuildFile; fileRef = 1A7125D01D490BD000AFCF24 /* KeyCodable.swift */; };
		1AEB9AD41D47CB4400DD2907 /* CoreDataHelper.swift in Sources */ = {isa = PBXBuildFile; fileRef = 1AEB9AD31D47CB4400DD2907 /* CoreDataHelper.swift */; };
		1AFC2F961D4793E000CDDCE7 /* Answer+CoreDataProperties.swift in Sources */ = {isa = PBXBuildFile; fileRef = 1AFC2F941D4793E000CDDCE7 /* Answer+CoreDataProperties.swift */; };
		1AFC2F971D4793E000CDDCE7 /* Answer.swift in Sources */ = {isa = PBXBuildFile; fileRef = 1AFC2F951D4793E000CDDCE7 /* Answer.swift */; };
		1AFC2F9C1D47966400CDDCE7 /* Question+CoreDataProperties.swift in Sources */ = {isa = PBXBuildFile; fileRef = 1AFC2F981D47966400CDDCE7 /* Question+CoreDataProperties.swift */; };
		1AFC2F9D1D47966400CDDCE7 /* Question.swift in Sources */ = {isa = PBXBuildFile; fileRef = 1AFC2F991D47966400CDDCE7 /* Question.swift */; };
		1AFC2F9E1D47966400CDDCE7 /* Quiz+CoreDataProperties.swift in Sources */ = {isa = PBXBuildFile; fileRef = 1AFC2F9A1D47966400CDDCE7 /* Quiz+CoreDataProperties.swift */; };
		1AFC2F9F1D47966400CDDCE7 /* Quiz.swift in Sources */ = {isa = PBXBuildFile; fileRef = 1AFC2F9B1D47966400CDDCE7 /* Quiz.swift */; };
/* End PBXBuildFile section */

/* Begin PBXContainerItemProxy section */
		1A5C84A01D477868004018C3 /* PBXContainerItemProxy */ = {
			isa = PBXContainerItemProxy;
			containerPortal = 1A5C84801D477868004018C3 /* Project object */;
			proxyType = 1;
			remoteGlobalIDString = 1A5C84871D477868004018C3;
			remoteInfo = QuizApp;
		};
/* End PBXContainerItemProxy section */

/* Begin PBXFileReference section */
		1A5C84881D477868004018C3 /* QuizApp.app */ = {isa = PBXFileReference; explicitFileType = wrapper.application; includeInIndex = 0; path = QuizApp.app; sourceTree = BUILT_PRODUCTS_DIR; };
		1A5C848B1D477868004018C3 /* AppDelegate.swift */ = {isa = PBXFileReference; lastKnownFileType = sourcecode.swift; path = AppDelegate.swift; sourceTree = "<group>"; };
		1A5C84931D477868004018C3 /* QuizApp.xcdatamodel */ = {isa = PBXFileReference; lastKnownFileType = wrapper.xcdatamodel; path = QuizApp.xcdatamodel; sourceTree = "<group>"; };
		1A5C84951D477868004018C3 /* Assets.xcassets */ = {isa = PBXFileReference; lastKnownFileType = folder.assetcatalog; path = Assets.xcassets; sourceTree = "<group>"; };
		1A5C84981D477868004018C3 /* Base */ = {isa = PBXFileReference; lastKnownFileType = file.storyboard; name = Base; path = Base.lproj/LaunchScreen.storyboard; sourceTree = "<group>"; };
		1A5C849A1D477868004018C3 /* Info.plist */ = {isa = PBXFileReference; lastKnownFileType = text.plist.xml; path = Info.plist; sourceTree = "<group>"; };
		1A5C849F1D477868004018C3 /* QuizAppTests.xctest */ = {isa = PBXFileReference; explicitFileType = wrapper.cfbundle; includeInIndex = 0; path = QuizAppTests.xctest; sourceTree = BUILT_PRODUCTS_DIR; };
		1A5C84A31D477868004018C3 /* QuizAppTests.swift */ = {isa = PBXFileReference; lastKnownFileType = sourcecode.swift; path = QuizAppTests.swift; sourceTree = "<group>"; };
		1A5C84A51D477868004018C3 /* Info.plist */ = {isa = PBXFileReference; lastKnownFileType = text.plist.xml; path = Info.plist; sourceTree = "<group>"; };
		1A5C84AF1D477A89004018C3 /* QuizesTableViewController.swift */ = {isa = PBXFileReference; fileEncoding = 4; lastKnownFileType = sourcecode.swift; path = QuizesTableViewController.swift; sourceTree = "<group>"; };
		1A5C84B11D477B12004018C3 /* QuizTableViewCell.swift */ = {isa = PBXFileReference; fileEncoding = 4; lastKnownFileType = sourcecode.swift; path = QuizTableViewCell.swift; sourceTree = "<group>"; };
		1A7125C61D48CDDE00AFCF24 /* UIImageView+Extensions.swift */ = {isa = PBXFileReference; fileEncoding = 4; lastKnownFileType = sourcecode.swift; path = "UIImageView+Extensions.swift"; sourceTree = "<group>"; };
		1A7125CA1D48E52500AFCF24 /* Main.storyboard */ = {isa = PBXFileReference; fileEncoding = 4; lastKnownFileType = file.storyboard; path = Main.storyboard; sourceTree = "<group>"; };
		1A7125CC1D490B1600AFCF24 /* NSManagedObjectContext+Extensions.swift */ = {isa = PBXFileReference; fileEncoding = 4; lastKnownFileType = sourcecode.swift; path = "NSManagedObjectContext+Extensions.swift"; sourceTree = "<group>"; };
		1A7125CE1D490B3300AFCF24 /* NSManagedObject+Extensions.swift */ = {isa = PBXFileReference; fileEncoding = 4; lastKnownFileType = sourcecode.swift; path = "NSManagedObject+Extensions.swift"; sourceTree = "<group>"; };
		1A7125D01D490BD000AFCF24 /* KeyCodable.swift */ = {isa = PBXFileReference; fileEncoding = 4; lastKnownFileType = sourcecode.swift; path = KeyCodable.swift; sourceTree = "<group>"; };
		1AEB9AD31D47CB4400DD2907 /* CoreDataHelper.swift */ = {isa = PBXFileReference; fileEncoding = 4; lastKnownFileType = sourcecode.swift; path = CoreDataHelper.swift; sourceTree = "<group>"; };
		1AFC2F941D4793E000CDDCE7 /* Answer+CoreDataProperties.swift */ = {isa = PBXFileReference; fileEncoding = 4; lastKnownFileType = sourcecode.swift; path = "Answer+CoreDataProperties.swift"; sourceTree = "<group>"; };
		1AFC2F951D4793E000CDDCE7 /* Answer.swift */ = {isa = PBXFileReference; fileEncoding = 4; lastKnownFileType = sourcecode.swift; path = Answer.swift; sourceTree = "<group>"; };
		1AFC2F981D47966400CDDCE7 /* Question+CoreDataProperties.swift */ = {isa = PBXFileReference; fileEncoding = 4; lastKnownFileType = sourcecode.swift; path = "Question+CoreDataProperties.swift"; sourceTree = "<group>"; };
		1AFC2F991D47966400CDDCE7 /* Question.swift */ = {isa = PBXFileReference; fileEncoding = 4; lastKnownFileType = sourcecode.swift; path = Question.swift; sourceTree = "<group>"; };
		1AFC2F9A1D47966400CDDCE7 /* Quiz+CoreDataProperties.swift */ = {isa = PBXFileReference; fileEncoding = 4; lastKnownFileType = sourcecode.swift; path = "Quiz+CoreDataProperties.swift"; sourceTree = "<group>"; };
		1AFC2F9B1D47966400CDDCE7 /* Quiz.swift */ = {isa = PBXFileReference; fileEncoding = 4; lastKnownFileType = sourcecode.swift; path = Quiz.swift; sourceTree = "<group>"; };
/* End PBXFileReference section */

/* Begin PBXFrameworksBuildPhase section */
		1A5C84851D477868004018C3 /* Frameworks */ = {
			isa = PBXFrameworksBuildPhase;
			buildActionMask = 2147483647;
			files = (
			);
			runOnlyForDeploymentPostprocessing = 0;
		};
		1A5C849C1D477868004018C3 /* Frameworks */ = {
			isa = PBXFrameworksBuildPhase;
			buildActionMask = 2147483647;
			files = (
			);
			runOnlyForDeploymentPostprocessing = 0;
		};
/* End PBXFrameworksBuildPhase section */

/* Begin PBXGroup section */
		1A5C847F1D477868004018C3 = {
			isa = PBXGroup;
			children = (
				1A5C848A1D477868004018C3 /* QuizApp */,
				1A5C84A21D477868004018C3 /* QuizAppTests */,
				1A5C84891D477868004018C3 /* Products */,
			);
			sourceTree = "<group>";
		};
		1A5C84891D477868004018C3 /* Products */ = {
			isa = PBXGroup;
			children = (
				1A5C84881D477868004018C3 /* QuizApp.app */,
				1A5C849F1D477868004018C3 /* QuizAppTests.xctest */,
			);
			name = Products;
			sourceTree = "<group>";
		};
		1A5C848A1D477868004018C3 /* QuizApp */ = {
			isa = PBXGroup;
			children = (
				1AFC2FA01D479DD900CDDCE7 /* Helpers */,
				1AFC2F931D478B4800CDDCE7 /* Models */,
				1A5C84AE1D4779F8004018C3 /* ViewControllers */,
				1A5C848B1D477868004018C3 /* AppDelegate.swift */,
				1A5C84951D477868004018C3 /* Assets.xcassets */,
				1A5C84971D477868004018C3 /* LaunchScreen.storyboard */,
				1A5C849A1D477868004018C3 /* Info.plist */,
				1A5C84921D477868004018C3 /* QuizApp.xcdatamodeld */,
				1A7125CA1D48E52500AFCF24 /* Main.storyboard */,
			);
			path = QuizApp;
			sourceTree = "<group>";
		};
		1A5C84A21D477868004018C3 /* QuizAppTests */ = {
			isa = PBXGroup;
			children = (
				1A5C84A31D477868004018C3 /* QuizAppTests.swift */,
				1A5C84A51D477868004018C3 /* Info.plist */,
			);
			path = QuizAppTests;
			sourceTree = "<group>";
		};
		1A5C84AE1D4779F8004018C3 /* ViewControllers */ = {
			isa = PBXGroup;
			children = (
				1A5C84AF1D477A89004018C3 /* QuizesTableViewController.swift */,
				1A5C84B11D477B12004018C3 /* QuizTableViewCell.swift */,
			);
			path = ViewControllers;
			sourceTree = "<group>";
		};
		1AFC2F931D478B4800CDDCE7 /* Models */ = {
			isa = PBXGroup;
			children = (
				1AFC2F941D4793E000CDDCE7 /* Answer+CoreDataProperties.swift */,
				1AFC2F951D4793E000CDDCE7 /* Answer.swift */,
				1AFC2F981D47966400CDDCE7 /* Question+CoreDataProperties.swift */,
				1AFC2F991D47966400CDDCE7 /* Question.swift */,
				1AFC2F9A1D47966400CDDCE7 /* Quiz+CoreDataProperties.swift */,
				1AFC2F9B1D47966400CDDCE7 /* Quiz.swift */,
			);
			path = Models;
			sourceTree = "<group>";
		};
		1AFC2FA01D479DD900CDDCE7 /* Helpers */ = {
			isa = PBXGroup;
			children = (
				1AEB9AD31D47CB4400DD2907 /* CoreDataHelper.swift */,
				1A7125C61D48CDDE00AFCF24 /* UIImageView+Extensions.swift */,
				1A7125CC1D490B1600AFCF24 /* NSManagedObjectContext+Extensions.swift */,
				1A7125CE1D490B3300AFCF24 /* NSManagedObject+Extensions.swift */,
				1A7125D01D490BD000AFCF24 /* KeyCodable.swift */,
			);
			path = Helpers;
			sourceTree = "<group>";
		};
/* End PBXGroup section */

/* Begin PBXNativeTarget section */
		1A5C84871D477868004018C3 /* QuizApp */ = {
			isa = PBXNativeTarget;
			buildConfigurationList = 1A5C84A81D477868004018C3 /* Build configuration list for PBXNativeTarget "QuizApp" */;
			buildPhases = (
				1A5C84841D477868004018C3 /* Sources */,
				1A5C84851D477868004018C3 /* Frameworks */,
				1A5C84861D477868004018C3 /* Resources */,
			);
			buildRules = (
			);
			dependencies = (
			);
			name = QuizApp;
			productName = QuizApp;
			productReference = 1A5C84881D477868004018C3 /* QuizApp.app */;
			productType = "com.apple.product-type.application";
		};
		1A5C849E1D477868004018C3 /* QuizAppTests */ = {
			isa = PBXNativeTarget;
			buildConfigurationList = 1A5C84AB1D477868004018C3 /* Build configuration list for PBXNativeTarget "QuizAppTests" */;
			buildPhases = (
				1A5C849B1D477868004018C3 /* Sources */,
				1A5C849C1D477868004018C3 /* Frameworks */,
				1A5C849D1D477868004018C3 /* Resources */,
			);
			buildRules = (
			);
			dependencies = (
				1A5C84A11D477868004018C3 /* PBXTargetDependency */,
			);
			name = QuizAppTests;
			productName = QuizAppTests;
			productReference = 1A5C849F1D477868004018C3 /* QuizAppTests.xctest */;
			productType = "com.apple.product-type.bundle.unit-test";
		};
/* End PBXNativeTarget section */

/* Begin PBXProject section */
		1A5C84801D477868004018C3 /* Project object */ = {
			isa = PBXProject;
			attributes = {
				LastSwiftUpdateCheck = 0730;
				LastUpgradeCheck = 0730;
				ORGANIZATIONNAME = "ITK developer User";
				TargetAttributes = {
					1A5C84871D477868004018C3 = {
						CreatedOnToolsVersion = 7.3.1;
					};
					1A5C849E1D477868004018C3 = {
						CreatedOnToolsVersion = 7.3.1;
						TestTargetID = 1A5C84871D477868004018C3;
					};
				};
			};
			buildConfigurationList = 1A5C84831D477868004018C3 /* Build configuration list for PBXProject "QuizApp" */;
			compatibilityVersion = "Xcode 3.2";
			developmentRegion = English;
			hasScannedForEncodings = 0;
			knownRegions = (
				en,
				Base,
			);
			mainGroup = 1A5C847F1D477868004018C3;
			productRefGroup = 1A5C84891D477868004018C3 /* Products */;
			projectDirPath = "";
			projectRoot = "";
			targets = (
				1A5C84871D477868004018C3 /* QuizApp */,
				1A5C849E1D477868004018C3 /* QuizAppTests */,
			);
		};
/* End PBXProject section */

/* Begin PBXResourcesBuildPhase section */
		1A5C84861D477868004018C3 /* Resources */ = {
			isa = PBXResourcesBuildPhase;
			buildActionMask = 2147483647;
			files = (
				1A7125CB1D48E52500AFCF24 /* Main.storyboard in Resources */,
				1A5C84991D477868004018C3 /* LaunchScreen.storyboard in Resources */,
				1A5C84961D477868004018C3 /* Assets.xcassets in Resources */,
			);
			runOnlyForDeploymentPostprocessing = 0;
		};
		1A5C849D1D477868004018C3 /* Resources */ = {
			isa = PBXResourcesBuildPhase;
			buildActionMask = 2147483647;
			files = (
			);
			runOnlyForDeploymentPostprocessing = 0;
		};
/* End PBXResourcesBuildPhase section */

/* Begin PBXSourcesBuildPhase section */
		1A5C84841D477868004018C3 /* Sources */ = {
			isa = PBXSourcesBuildPhase;
			buildActionMask = 2147483647;
			files = (
				1A5C84941D477868004018C3 /* QuizApp.xcdatamodeld in Sources */,
				1AFC2F9E1D47966400CDDCE7 /* Quiz+CoreDataProperties.swift in Sources */,
				1A5C84B01D477A89004018C3 /* QuizesTableViewController.swift in Sources */,
				1AFC2F9D1D47966400CDDCE7 /* Question.swift in Sources */,
				1A7125CD1D490B1600AFCF24 /* NSManagedObjectContext+Extensions.swift in Sources */,
				1AFC2F971D4793E000CDDCE7 /* Answer.swift in Sources */,
				1A7125D11D490BD000AFCF24 /* KeyCodable.swift in Sources */,
				1A7125CF1D490B3300AFCF24 /* NSManagedObject+Extensions.swift in Sources */,
				1AEB9AD41D47CB4400DD2907 /* CoreDataHelper.swift in Sources */,
				1A7125C71D48CDDE00AFCF24 /* UIImageView+Extensions.swift in Sources */,
				1A5C84B21D477B12004018C3 /* QuizTableViewCell.swift in Sources */,
				1AFC2F9F1D47966400CDDCE7 /* Quiz.swift in Sources */,
				1AFC2F9C1D47966400CDDCE7 /* Question+CoreDataProperties.swift in Sources */,
				1A5C848C1D477868004018C3 /* AppDelegate.swift in Sources */,
				1AFC2F961D4793E000CDDCE7 /* Answer+CoreDataProperties.swift in Sources */,
			);
			runOnlyForDeploymentPostprocessing = 0;
		};
		1A5C849B1D477868004018C3 /* Sources */ = {
			isa = PBXSourcesBuildPhase;
			buildActionMask = 2147483647;
			files = (
				1A5C84A41D477868004018C3 /* QuizAppTests.swift in Sources */,
			);
			runOnlyForDeploymentPostprocessing = 0;
		};
/* End PBXSourcesBuildPhase section */

/* Begin PBXTargetDependency section */
		1A5C84A11D477868004018C3 /* PBXTargetDependency */ = {
			isa = PBXTargetDependency;
			target = 1A5C84871D477868004018C3 /* QuizApp */;
			targetProxy = 1A5C84A01D477868004018C3 /* PBXContainerItemProxy */;
		};
/* End PBXTargetDependency section */

/* Begin PBXVariantGroup section */
		1A5C84971D477868004018C3 /* LaunchScreen.storyboard */ = {
			isa = PBXVariantGroup;
			children = (
				1A5C84981D477868004018C3 /* Base */,
			);
			name = LaunchScreen.storyboard;
			sourceTree = "<group>";
		};
/* End PBXVariantGroup section */

/* Begin XCBuildConfiguration section */
		1A5C84A61D477868004018C3 /* Debug */ = {
			isa = XCBuildConfiguration;
			buildSettings = {
				ALWAYS_SEARCH_USER_PATHS = NO;
				CLANG_ANALYZER_NONNULL = YES;
				CLANG_CXX_LANGUAGE_STANDARD = "gnu++0x";
				CLANG_CXX_LIBRARY = "libc++";
				CLANG_ENABLE_MODULES = YES;
				CLANG_ENABLE_OBJC_ARC = YES;
				CLANG_WARN_BOOL_CONVERSION = YES;
				CLANG_WARN_CONSTANT_CONVERSION = YES;
				CLANG_WARN_DIRECT_OBJC_ISA_USAGE = YES_ERROR;
				CLANG_WARN_EMPTY_BODY = YES;
				CLANG_WARN_ENUM_CONVERSION = YES;
				CLANG_WARN_INT_CONVERSION = YES;
				CLANG_WARN_OBJC_ROOT_CLASS = YES_ERROR;
				CLANG_WARN_UNREACHABLE_CODE = YES;
				CLANG_WARN__DUPLICATE_METHOD_MATCH = YES;
				"CODE_SIGN_IDENTITY[sdk=iphoneos*]" = "iPhone Developer";
				COPY_PHASE_STRIP = NO;
				DEBUG_INFORMATION_FORMAT = dwarf;
				ENABLE_STRICT_OBJC_MSGSEND = YES;
				ENABLE_TESTABILITY = YES;
				GCC_C_LANGUAGE_STANDARD = gnu99;
				GCC_DYNAMIC_NO_PIC = NO;
				GCC_NO_COMMON_BLOCKS = YES;
				GCC_OPTIMIZATION_LEVEL = 0;
				GCC_PREPROCESSOR_DEFINITIONS = (
					"DEBUG=1",
					"$(inherited)",
				);
				GCC_WARN_64_TO_32_BIT_CONVERSION = YES;
				GCC_WARN_ABOUT_RETURN_TYPE = YES_ERROR;
				GCC_WARN_UNDECLARED_SELECTOR = YES;
				GCC_WARN_UNINITIALIZED_AUTOS = YES_AGGRESSIVE;
				GCC_WARN_UNUSED_FUNCTION = YES;
				GCC_WARN_UNUSED_VARIABLE = YES;
				IPHONEOS_DEPLOYMENT_TARGET = 9.3;
				MTL_ENABLE_DEBUG_INFO = YES;
				ONLY_ACTIVE_ARCH = YES;
				SDKROOT = iphoneos;
				SWIFT_OPTIMIZATION_LEVEL = "-Onone";
				TARGETED_DEVICE_FAMILY = "1,2";
			};
			name = Debug;
		};
		1A5C84A71D477868004018C3 /* Release */ = {
			isa = XCBuildConfiguration;
			buildSettings = {
				ALWAYS_SEARCH_USER_PATHS = NO;
				CLANG_ANALYZER_NONNULL = YES;
				CLANG_CXX_LANGUAGE_STANDARD = "gnu++0x";
				CLANG_CXX_LIBRARY = "libc++";
				CLANG_ENABLE_MODULES = YES;
				CLANG_ENABLE_OBJC_ARC = YES;
				CLANG_WARN_BOOL_CONVERSION = YES;
				CLANG_WARN_CONSTANT_CONVERSION = YES;
				CLANG_WARN_DIRECT_OBJC_ISA_USAGE = YES_ERROR;
				CLANG_WARN_EMPTY_BODY = YES;
				CLANG_WARN_ENUM_CONVERSION = YES;
				CLANG_WARN_INT_CONVERSION = YES;
				CLANG_WARN_OBJC_ROOT_CLASS = YES_ERROR;
				CLANG_WARN_UNREACHABLE_CODE = YES;
				CLANG_WARN__DUPLICATE_METHOD_MATCH = YES;
				"CODE_SIGN_IDENTITY[sdk=iphoneos*]" = "iPhone Developer";
				COPY_PHASE_STRIP = NO;
				DEBUG_INFORMATION_FORMAT = "dwarf-with-dsym";
				ENABLE_NS_ASSERTIONS = NO;
				ENABLE_STRICT_OBJC_MSGSEND = YES;
				GCC_C_LANGUAGE_STANDARD = gnu99;
				GCC_NO_COMMON_BLOCKS = YES;
				GCC_WARN_64_TO_32_BIT_CONVERSION = YES;
				GCC_WARN_ABOUT_RETURN_TYPE = YES_ERROR;
				GCC_WARN_UNDECLARED_SELECTOR = YES;
				GCC_WARN_UNINITIALIZED_AUTOS = YES_AGGRESSIVE;
				GCC_WARN_UNUSED_FUNCTION = YES;
				GCC_WARN_UNUSED_VARIABLE = YES;
				IPHONEOS_DEPLOYMENT_TARGET = 9.3;
				MTL_ENABLE_DEBUG_INFO = NO;
				SDKROOT = iphoneos;
				TARGETED_DEVICE_FAMILY = "1,2";
				VALIDATE_PRODUCT = YES;
			};
			name = Release;
		};
		1A5C84A91D477868004018C3 /* Debug */ = {
			isa = XCBuildConfiguration;
			buildSettings = {
				ASSETCATALOG_COMPILER_APPICON_NAME = AppIcon;
				INFOPLIST_FILE = QuizApp/Info.plist;
				LD_RUNPATH_SEARCH_PATHS = "$(inherited) @executable_path/Frameworks";
				PRODUCT_BUNDLE_IDENTIFIER = com.app.QuizApp;
				PRODUCT_NAME = "$(TARGET_NAME)";
			};
			name = Debug;
		};
		1A5C84AA1D477868004018C3 /* Release */ = {
			isa = XCBuildConfiguration;
			buildSettings = {
				ASSETCATALOG_COMPILER_APPICON_NAME = AppIcon;
				INFOPLIST_FILE = QuizApp/Info.plist;
				LD_RUNPATH_SEARCH_PATHS = "$(inherited) @executable_path/Frameworks";
				PRODUCT_BUNDLE_IDENTIFIER = com.app.QuizApp;
				PRODUCT_NAME = "$(TARGET_NAME)";
			};
			name = Release;
		};
		1A5C84AC1D477868004018C3 /* Debug */ = {
			isa = XCBuildConfiguration;
			buildSettings = {
				BUNDLE_LOADER = "$(TEST_HOST)";
				INFOPLIST_FILE = QuizAppTests/Info.plist;
				LD_RUNPATH_SEARCH_PATHS = "$(inherited) @executable_path/Frameworks @loader_path/Frameworks";
				PRODUCT_BUNDLE_IDENTIFIER = com.app.QuizAppTests;
				PRODUCT_NAME = "$(TARGET_NAME)";
				TEST_HOST = "$(BUILT_PRODUCTS_DIR)/QuizApp.app/QuizApp";
			};
			name = Debug;
		};
		1A5C84AD1D477868004018C3 /* Release */ = {
			isa = XCBuildConfiguration;
			buildSettings = {
				BUNDLE_LOADER = "$(TEST_HOST)";
				INFOPLIST_FILE = QuizAppTests/Info.plist;
				LD_RUNPATH_SEARCH_PATHS = "$(inherited) @executable_path/Frameworks @loader_path/Frameworks";
				PRODUCT_BUNDLE_IDENTIFIER = com.app.QuizAppTests;
				PRODUCT_NAME = "$(TARGET_NAME)";
				TEST_HOST = "$(BUILT_PRODUCTS_DIR)/QuizApp.app/QuizApp";
			};
			name = Release;
		};
/* End XCBuildConfiguration section */

/* Begin XCConfigurationList section */
		1A5C84831D477868004018C3 /* Build configuration list for PBXProject "QuizApp" */ = {
			isa = XCConfigurationList;
			buildConfigurations = (
				1A5C84A61D477868004018C3 /* Debug */,
				1A5C84A71D477868004018C3 /* Release */,
			);
			defaultConfigurationIsVisible = 0;
			defaultConfigurationName = Release;
		};
		1A5C84A81D477868004018C3 /* Build configuration list for PBXNativeTarget "QuizApp" */ = {
			isa = XCConfigurationList;
			buildConfigurations = (
				1A5C84A91D477868004018C3 /* Debug */,
				1A5C84AA1D477868004018C3 /* Release */,
			);
			defaultConfigurationIsVisible = 0;
			defaultConfigurationName = Release;
		};
		1A5C84AB1D477868004018C3 /* Build configuration list for PBXNativeTarget "QuizAppTests" */ = {
			isa = XCConfigurationList;
			buildConfigurations = (
				1A5C84AC1D477868004018C3 /* Debug */,
				1A5C84AD1D477868004018C3 /* Release */,
			);
			defaultConfigurationIsVisible = 0;
			defaultConfigurationName = Release;
		};
/* End XCConfigurationList section */

/* Begin XCVersionGroup section */
		1A5C84921D477868004018C3 /* QuizApp.xcdatamodeld */ = {
			isa = XCVersionGroup;
			children = (
				1A5C84931D477868004018C3 /* QuizApp.xcdatamodel */,
			);
			currentVersion = 1A5C84931D477868004018C3 /* QuizApp.xcdatamodel */;
			path = QuizApp.xcdatamodeld;
			sourceTree = "<group>";
			versionGroupType = wrapper.xcdatamodel;
		};
/* End XCVersionGroup section */
	};
	rootObject = 1A5C84801D477868004018C3 /* Project object */;
}
